
Microsoft Visual Studio Solution File, Format Version 12.00
# Visual Studio Version 16
VisualStudioVersion = 16.0.29215.179
MinimumVisualStudioVersion = 10.0.40219.1
Project("{9A19103F-16F7-4668-BE54-9A1E7A4F7556}") = "SiegeApi", "SiegeApi\SiegeApi.csproj", "{8C22B2B2-4488-4E74-803F-7840625F2A0A}"
EndProject
Project("{FAE04EC0-301F-11D3-BF4B-00C04F79EFBC}") = "SiegeApiSample", "SiegeApiSample\SiegeApiSample.csproj", "{B2D71822-BEB9-4E60-BCC4-ED1DB9FA9127}"
EndProject
Global
	GlobalSection(SolutionConfigurationPlatforms) = preSolution
		Debug|Any CPU = Debug|Any CPU
		Release|Any CPU = Release|Any CPU
	EndGlobalSection
	GlobalSection(ProjectConfigurationPlatforms) = postSolution
		{8C22B2B2-4488-4E74-803F-7840625F2A0A}.Debug|Any CPU.ActiveCfg = Debug|Any CPU
		{8C22B2B2-4488-4E74-803F-7840625F2A0A}.Debug|Any CPU.Build.0 = Debug|Any CPU
		{8C22B2B2-4488-4E74-803F-7840625F2A0A}.Release|Any CPU.ActiveCfg = Release|Any CPU
		{8C22B2B2-4488-4E74-803F-7840625F2A0A}.Release|Any CPU.Build.0 = Release|Any CPU
		{B2D71822-BEB9-4E60-BCC4-ED1DB9FA9127}.Debug|Any CPU.ActiveCfg = Debug|Any CPU
		{B2D71822-BEB9-4E60-BCC4-ED1DB9FA9127}.Debug|Any CPU.Build.0 = Debug|Any CPU
		{B2D71822-BEB9-4E60-BCC4-ED1DB9FA9127}.Release|Any CPU.ActiveCfg = Release|Any CPU
		{B2D71822-BEB9-4E60-BCC4-ED1DB9FA9127}.Release|Any CPU.Build.0 = Release|Any CPU
	EndGlobalSection
	GlobalSection(SolutionProperties) = preSolution
		HideSolutionNode = FALSE
	EndGlobalSection
	GlobalSection(ExtensibilityGlobals) = postSolution
		SolutionGuid = {054B3EFB-F377-4C3C-94DD-82E9FB146B1E}
	EndGlobalSection
EndGlobal
